
Microsoft Visual Studio Solution File, Format Version 12.00
# Visual Studio Version 17
VisualStudioVersion = 17.5.33530.505
MinimumVisualStudioVersion = 10.0.40219.1
Project("{FAE04EC0-301F-11D3-BF4B-00C04F79EFBC}") = "OthelloAI", "OthelloAI\OthelloAI.csproj", "{7C379781-8427-4FBE-8014-299C562784BC}"
EndProject
Global
	GlobalSection(SolutionConfigurationPlatforms) = preSolution
		Debug|Any CPU = Debug|Any CPU
		Release|Any CPU = Release|Any CPU
	EndGlobalSection
	GlobalSection(ProjectConfigurationPlatforms) = postSolution
		{7C379781-8427-4FBE-8014-299C562784BC}.Debug|Any CPU.ActiveCfg = Debug|Any CPU
		{7C379781-8427-4FBE-8014-299C562784BC}.Debug|Any CPU.Build.0 = Debug|Any CPU
		{7C379781-8427-4FBE-8014-299C562784BC}.Release|Any CPU.ActiveCfg = Release|Any CPU
		{7C379781-8427-4FBE-8014-299C562784BC}.Release|Any CPU.Build.0 = Release|Any CPU
	EndGlobalSection
	GlobalSection(SolutionProperties) = preSolution
		HideSolutionNode = FALSE
	EndGlobalSection
	GlobalSection(ExtensibilityGlobals) = postSolution
		SolutionGuid = {E3431E78-8B8B-4883-A0B0-01E906CA2E52}
	EndGlobalSection
EndGlobal
